
Microsoft Visual Studio Solution File, Format Version 12.00
# Visual Studio Version 17
VisualStudioVersion = 17.3.32825.248
MinimumVisualStudioVersion = 10.0.40219.1
Project("{FAE04EC0-301F-11D3-BF4B-00C04F79EFBC}") = "Astronomy", "Astronomy.csproj", "{214E3A71-290A-460E-A6DE-5271C43442CD}"
EndProject
Global
	GlobalSection(SolutionConfigurationPlatforms) = preSolution
		Debug|Any CPU = Debug|Any CPU
		Release|Any CPU = Release|Any CPU
	EndGlobalSection
	GlobalSection(ProjectConfigurationPlatforms) = postSolution
		{214E3A71-290A-460E-A6DE-5271C43442CD}.Debug|Any CPU.ActiveCfg = Debug|Any CPU
		{214E3A71-290A-460E-A6DE-5271C43442CD}.Debug|Any CPU.Build.0 = Debug|Any CPU
		{214E3A71-290A-460E-A6DE-5271C43442CD}.Release|Any CPU.ActiveCfg = Release|Any CPU
		{214E3A71-290A-460E-A6DE-5271C43442CD}.Release|Any CPU.Build.0 = Release|Any CPU
	EndGlobalSection
	GlobalSection(SolutionProperties) = preSolution
		HideSolutionNode = FALSE
	EndGlobalSection
	GlobalSection(ExtensibilityGlobals) = postSolution
		SolutionGuid = {35C7EE5D-B922-4167-8342-EC8CA58CA0BD}
	EndGlobalSection
EndGlobal
